{
  "requires": true,
  "lockfileVersion": 1,
  "dependencies": {
    "project-my": {
      "version": "1.0.0-alpha.2",
      "resolved": "https://registry.npmjs.org/project-my/-/project-my-1.0.0-alpha.2.tgz",
      "integrity": "sha512-0DKswgvF5iCsKUe3eNLattlPDS/zt3+6ucMlv9hxCi8c+Lt/5jc2ORgf9tqBfye3hMa9B+G/Gv24zDWnWIvkOQ=="
    }
  }
}
